
Microsoft Visual Studio Solution File, Format Version 12.00
# Visual Studio Version 17
VisualStudioVersion = 17.8.34511.84
MinimumVisualStudioVersion = 10.0.40219.1
Project("{FAE04EC0-301F-11D3-BF4B-00C04F79EFBC}") = "JohanHansson_SUT24_Slutprojekt_Databaser", "JohanHansson_SUT24_Slutprojekt_Databaser\JohanHansson_SUT24_Slutprojekt_Databaser.csproj", "{43496E71-AC40-4050-90CA-8BE97134A1B0}"
EndProject
Global
	GlobalSection(SolutionConfigurationPlatforms) = preSolution
		Debug|Any CPU = Debug|Any CPU
		Release|Any CPU = Release|Any CPU
	EndGlobalSection
	GlobalSection(ProjectConfigurationPlatforms) = postSolution
		{43496E71-AC40-4050-90CA-8BE97134A1B0}.Debug|Any CPU.ActiveCfg = Debug|Any CPU
		{43496E71-AC40-4050-90CA-8BE97134A1B0}.Debug|Any CPU.Build.0 = Debug|Any CPU
		{43496E71-AC40-4050-90CA-8BE97134A1B0}.Release|Any CPU.ActiveCfg = Release|Any CPU
		{43496E71-AC40-4050-90CA-8BE97134A1B0}.Release|Any CPU.Build.0 = Release|Any CPU
	EndGlobalSection
	GlobalSection(SolutionProperties) = preSolution
		HideSolutionNode = FALSE
	EndGlobalSection
	GlobalSection(ExtensibilityGlobals) = postSolution
		SolutionGuid = {99C48A93-DE68-4FBC-A48F-22C6321637FD}
	EndGlobalSection
EndGlobal
